name: lock-threads

on:
  schedule:
  - cron: 0 0 * * *
  workflow_dispatch: {}

permissions:
  issues: write

concurrency:
  group: lock

jobs:
  action:
    runs-on: ubuntu-22.04
    steps:
    - uses: dessant/lock-threads@be8aa5be94131386884a6da4189effda9b14aa21
      with:
        issue-lock-reason: resolved
        issue-inactive-days: 7
        pr-lock-reason: resolved
        pr-inactive-days: 7
        log-output: true
